
Microsoft Visual Studio Solution File, Format Version 12.00
# Visual Studio Version 17
VisualStudioVersion = 17.4.33110.190
MinimumVisualStudioVersion = 10.0.40219.1
Project("{FAE04EC0-301F-11D3-BF4B-00C04F79EFBC}") = "TrabalhoFinal", "TrabalhoFinal\TrabalhoFinal.csproj", "{623ECD56-BB88-4A75-9EFB-D630F3B554FA}"
EndProject
Project("{FAE04EC0-301F-11D3-BF4B-00C04F79EFBC}") = "API", "API\API.csproj", "{BA31BE5F-5756-4BE3-84E9-704F4E703E01}"
EndProject
Global
	GlobalSection(SolutionConfigurationPlatforms) = preSolution
		Debug|Any CPU = Debug|Any CPU
		Release|Any CPU = Release|Any CPU
	EndGlobalSection
	GlobalSection(ProjectConfigurationPlatforms) = postSolution
		{623ECD56-BB88-4A75-9EFB-D630F3B554FA}.Debug|Any CPU.ActiveCfg = Debug|Any CPU
		{623ECD56-BB88-4A75-9EFB-D630F3B554FA}.Debug|Any CPU.Build.0 = Debug|Any CPU
		{623ECD56-BB88-4A75-9EFB-D630F3B554FA}.Release|Any CPU.ActiveCfg = Release|Any CPU
		{623ECD56-BB88-4A75-9EFB-D630F3B554FA}.Release|Any CPU.Build.0 = Release|Any CPU
		{BA31BE5F-5756-4BE3-84E9-704F4E703E01}.Debug|Any CPU.ActiveCfg = Debug|Any CPU
		{BA31BE5F-5756-4BE3-84E9-704F4E703E01}.Debug|Any CPU.Build.0 = Debug|Any CPU
		{BA31BE5F-5756-4BE3-84E9-704F4E703E01}.Release|Any CPU.ActiveCfg = Release|Any CPU
		{BA31BE5F-5756-4BE3-84E9-704F4E703E01}.Release|Any CPU.Build.0 = Release|Any CPU
	EndGlobalSection
	GlobalSection(SolutionProperties) = preSolution
		HideSolutionNode = FALSE
	EndGlobalSection
	GlobalSection(ExtensibilityGlobals) = postSolution
		SolutionGuid = {D46704A9-3F10-4A02-8AAA-0EBB2E78720F}
	EndGlobalSection
EndGlobal
